<?xml version="1.0" encoding="utf-8"?>
<Project ToolsVersion="4.0" xmlns="http://schemas.microsoft.com/developer/msbuild/2003">
  <ItemGroup>
    <Filter Include="Source Files">
      <UniqueIdentifier>{4FC737F1-C7A5-4376-A066-2A32D752A2FF}</UniqueIdentifier>
      <Extensions>cpp;c;cc;cxx;def;odl;idl;hpj;bat;asm;asmx</Extensions>
    </Filter>
    <Filter Include="Header Files">
      <UniqueIdentifier>{93995380-89BD-4b04-88EB-625FBE52EBFB}</UniqueIdentifier>
      <Extensions>h;hh;hpp;hxx;hm;inl;inc;xsd</Extensions>
    </Filter>
    <Filter Include="Documentation">
      <UniqueIdentifier>{0534ea7e-ad23-4d0d-8476-4fefaa136fc4}</UniqueIdentifier>
    </Filter>
    <Filter Include="Documentation\pthreads">
      <UniqueIdentifier>{f122abf0-4615-4c19-bfcc-b733f52826a5}</UniqueIdentifier>
    </Filter>
    <Filter Include="Header Files\Demos">
      <UniqueIdentifier>{2a41a96c-1c0c-41f9-89d8-4f347730afb2}</UniqueIdentifier>
    </Filter>
    <Filter Include="Source Files\Demos">
      <UniqueIdentifier>{ebcc98ce-f0e0-44d4-88ad-398880843325}</UniqueIdentifier>
    </Filter>
  </ItemGroup>
  <ItemGroup>
    <ClInclude Include="stdafx.h">
      <Filter>Header Files</Filter>
    </ClInclude>
    <ClInclude Include="targetver.h">
      <Filter>Header Files</Filter>
    </ClInclude>
    <ClInclude Include="DemoException.h">
      <Filter>Header Files\Demos</Filter>
    </ClInclude>
    <ClInclude Include="DemoSha224.h">
      <Filter>Header Files\Demos</Filter>
    </ClInclude>
    <ClInclude Include="DemoSocket.h">
      <Filter>Header Files\Demos</Filter>
    </ClInclude>
    <ClInclude Include="DemoThreads.h">
      <Filter>Header Files\Demos</Filter>
    </ClInclude>
  </ItemGroup>
  <ItemGroup>
    <ClCompile Include="stdafx.cpp">
      <Filter>Source Files</Filter>
    </ClCompile>
    <ClCompile Include="peer2peer.cpp">
      <Filter>Source Files</Filter>
    </ClCompile>
    <ClCompile Include="DemoException.cpp">
      <Filter>Source Files\Demos</Filter>
    </ClCompile>
    <ClCompile Include="DemoSocket.cpp">
      <Filter>Source Files\Demos</Filter>
    </ClCompile>
    <ClCompile Include="DemoSha224.cpp">
      <Filter>Source Files\Demos</Filter>
    </ClCompile>
    <ClCompile Include="DemoThreads.cpp">
      <Filter>Source Files\Demos</Filter>
    </ClCompile>
  </ItemGroup>
  <ItemGroup>
    <None Include="..\libs\pthreads\docs\index.html">
      <Filter>Documentation\pthreads</Filter>
    </None>
    <None Include="..\libs\pthreads\docs\PortabilityIssues.html">
      <Filter>Documentation\pthreads</Filter>
    </None>
    <None Include="..\libs\pthreads\docs\pthread_attr_init.html">
      <Filter>Documentation\pthreads</Filter>
    </None>
    <None Include="..\libs\pthreads\docs\pthread_attr_setstackaddr.html">
      <Filter>Documentation\pthreads</Filter>
    </None>
    <None Include="..\libs\pthreads\docs\pthread_attr_setstacksize.html">
      <Filter>Documentation\pthreads</Filter>
    </None>
    <None Include="..\libs\pthreads\docs\pthread_barrier_init.html">
      <Filter>Documentation\pthreads</Filter>
    </None>
    <None Include="..\libs\pthreads\docs\pthread_barrier_wait.html">
      <Filter>Documentation\pthreads</Filter>
    </None>
    <None Include="..\libs\pthreads\docs\pthread_barrierattr_init.html">
      <Filter>Documentation\pthreads</Filter>
    </None>
    <None Include="..\libs\pthreads\docs\pthread_barrierattr_setpshared.html">
      <Filter>Documentation\pthreads</Filter>
    </None>
    <None Include="..\libs\pthreads\docs\pthread_cancel.html">
      <Filter>Documentation\pthreads</Filter>
    </None>
    <None Include="..\libs\pthreads\docs\pthread_cleanup_push.html">
      <Filter>Documentation\pthreads</Filter>
    </None>
    <None Include="..\libs\pthreads\docs\pthread_cond_init.html">
      <Filter>Documentation\pthreads</Filter>
    </None>
    <None Include="..\libs\pthreads\docs\pthread_condattr_init.html">
      <Filter>Documentation\pthreads</Filter>
    </None>
    <None Include="..\libs\pthreads\docs\pthread_condattr_setpshared.html">
      <Filter>Documentation\pthreads</Filter>
    </None>
    <None Include="..\libs\pthreads\docs\pthread_create.html">
      <Filter>Documentation\pthreads</Filter>
    </None>
    <None Include="..\libs\pthreads\docs\pthread_delay_np.html">
      <Filter>Documentation\pthreads</Filter>
    </None>
    <None Include="..\libs\pthreads\docs\pthread_detach.html">
      <Filter>Documentation\pthreads</Filter>
    </None>
    <None Include="..\libs\pthreads\docs\pthread_equal.html">
      <Filter>Documentation\pthreads</Filter>
    </None>
    <None Include="..\libs\pthreads\docs\pthread_exit.html">
      <Filter>Documentation\pthreads</Filter>
    </None>
    <None Include="..\libs\pthreads\docs\pthread_getunique_np.html">
      <Filter>Documentation\pthreads</Filter>
    </None>
    <None Include="..\libs\pthreads\docs\pthread_getw32threadhandle_np.html">
      <Filter>Documentation\pthreads</Filter>
    </None>
    <None Include="..\libs\pthreads\docs\pthread_join.html">
      <Filter>Documentation\pthreads</Filter>
    </None>
    <None Include="..\libs\pthreads\docs\pthread_key_create.html">
      <Filter>Documentation\pthreads</Filter>
    </None>
    <None Include="..\libs\pthreads\docs\pthread_kill.html">
      <Filter>Documentation\pthreads</Filter>
    </None>
    <None Include="..\libs\pthreads\docs\pthread_mutex_init.html">
      <Filter>Documentation\pthreads</Filter>
    </None>
    <None Include="..\libs\pthreads\docs\pthread_mutexattr_init.html">
      <Filter>Documentation\pthreads</Filter>
    </None>
    <None Include="..\libs\pthreads\docs\pthread_mutexattr_setpshared.html">
      <Filter>Documentation\pthreads</Filter>
    </None>
    <None Include="..\libs\pthreads\docs\pthread_num_processors_np.html">
      <Filter>Documentation\pthreads</Filter>
    </None>
    <None Include="..\libs\pthreads\docs\pthread_once.html">
      <Filter>Documentation\pthreads</Filter>
    </None>
    <None Include="..\libs\pthreads\docs\pthread_rwlock_init.html">
      <Filter>Documentation\pthreads</Filter>
    </None>
    <None Include="..\libs\pthreads\docs\pthread_rwlock_rdlock.html">
      <Filter>Documentation\pthreads</Filter>
    </None>
    <None Include="..\libs\pthreads\docs\pthread_rwlock_timedrdlock.html">
      <Filter>Documentation\pthreads</Filter>
    </None>
    <None Include="..\libs\pthreads\docs\pthread_rwlock_timedwrlock.html">
      <Filter>Documentation\pthreads</Filter>
    </None>
    <None Include="..\libs\pthreads\docs\pthread_rwlock_unlock.html">
      <Filter>Documentation\pthreads</Filter>
    </None>
    <None Include="..\libs\pthreads\docs\pthread_rwlock_wrlock.html">
      <Filter>Documentation\pthreads</Filter>
    </None>
    <None Include="..\libs\pthreads\docs\pthread_rwlockattr_init.html">
      <Filter>Documentation\pthreads</Filter>
    </None>
    <None Include="..\libs\pthreads\docs\pthread_rwlockattr_setpshared.html">
      <Filter>Documentation\pthreads</Filter>
    </None>
    <None Include="..\libs\pthreads\docs\pthread_self.html">
      <Filter>Documentation\pthreads</Filter>
    </None>
    <None Include="..\libs\pthreads\docs\pthread_setcancelstate.html">
      <Filter>Documentation\pthreads</Filter>
    </None>
    <None Include="..\libs\pthreads\docs\pthread_setcanceltype.html">
      <Filter>Documentation\pthreads</Filter>
    </None>
    <None Include="..\libs\pthreads\docs\pthread_setconcurrency.html">
      <Filter>Documentation\pthreads</Filter>
    </None>
    <None Include="..\libs\pthreads\docs\pthread_setschedparam.html">
      <Filter>Documentation\pthreads</Filter>
    </None>
    <None Include="..\libs\pthreads\docs\pthread_spin_init.html">
      <Filter>Documentation\pthreads</Filter>
    </None>
    <None Include="..\libs\pthreads\docs\pthread_spin_lock.html">
      <Filter>Documentation\pthreads</Filter>
    </None>
    <None Include="..\libs\pthreads\docs\pthread_spin_unlock.html">
      <Filter>Documentation\pthreads</Filter>
    </None>
    <None Include="..\libs\pthreads\docs\pthread_timechange_handler_np.html">
      <Filter>Documentation\pthreads</Filter>
    </None>
    <None Include="..\libs\pthreads\docs\pthread_win32_attach_detach_np.html">
      <Filter>Documentation\pthreads</Filter>
    </None>
    <None Include="..\libs\pthreads\docs\pthread_win32_test_features_np.html">
      <Filter>Documentation\pthreads</Filter>
    </None>
    <None Include="..\libs\pthreads\docs\pthreadCancelableWait.html">
      <Filter>Documentation\pthreads</Filter>
    </None>
    <None Include="..\libs\pthreads\docs\sched_get_priority_max.html">
      <Filter>Documentation\pthreads</Filter>
    </None>
    <None Include="..\libs\pthreads\docs\sched_getscheduler.html">
      <Filter>Documentation\pthreads</Filter>
    </None>
    <None Include="..\libs\pthreads\docs\sched_setscheduler.html">
      <Filter>Documentation\pthreads</Filter>
    </None>
    <None Include="..\libs\pthreads\docs\sched_yield.html">
      <Filter>Documentation\pthreads</Filter>
    </None>
    <None Include="..\libs\pthreads\docs\sem_init.html">
      <Filter>Documentation\pthreads</Filter>
    </None>
  </ItemGroup>
</Project>